
Microsoft Visual Studio Solution File, Format Version 12.00
# Visual Studio Version 16
VisualStudioVersion = 16.0.31729.503
MinimumVisualStudioVersion = 10.0.40219.1
Project("{2150E333-8FDC-42A3-9474-1A3956D46DE8}") = "Bezpieczeństwo", "Bezpieczeństwo", "{E814B2D2-6991-401A-AE0B-F9C19D1C10F6}"
EndProject
Project("{2150E333-8FDC-42A3-9474-1A3956D46DE8}") = "Wzorce projektowe", "Wzorce projektowe", "{5557A7DA-8E1E-4949-B0E2-EB272F4565D2}"
EndProject
Project("{FAE04EC0-301F-11D3-BF4B-00C04F79EFBC}") = "Budowniczy", "Budowniczy\Budowniczy.csproj", "{2F58FE48-C7BA-496D-8F8F-71AB79FE5EC7}"
EndProject
Project("{FAE04EC0-301F-11D3-BF4B-00C04F79EFBC}") = "Fabryka abstrakcyjna", "Fabryka abstrakcyjna\Fabryka abstrakcyjna.csproj", "{28A92544-DE14-49B6-B41E-5B309065BE7A}"
EndProject
Project("{FAE04EC0-301F-11D3-BF4B-00C04F79EFBC}") = "Prototyp", "Prototyp\Prototyp.csproj", "{D30E6DC2-C9A7-435A-BC1F-F6550C99358C}"
EndProject
Project("{FAE04EC0-301F-11D3-BF4B-00C04F79EFBC}") = "Adapter", "Adapter\Adapter.csproj", "{BABE480E-F977-45A4-8D72-710DD0127AF0}"
EndProject
Project("{2150E333-8FDC-42A3-9474-1A3956D46DE8}") = "Programowanie ASP.NET", "Programowanie ASP.NET", "{549406B1-412A-4358-8034-96F713D14545}"
EndProject
Project("{FAE04EC0-301F-11D3-BF4B-00C04F79EFBC}") = "Dziennik elektroniczny", "Dziennik elektroniczny\Dziennik elektroniczny.csproj", "{DE31C001-4CBB-4DC8-94B7-4342D30C90F6}"
EndProject
Project("{FAE04EC0-301F-11D3-BF4B-00C04F79EFBC}") = "Laboratoria", "Laboratoria\Laboratoria.csproj", "{8D45355E-AC0B-4B2A-91EC-E6FAD7F77732}"
EndProject
Project("{FAE04EC0-301F-11D3-BF4B-00C04F79EFBC}") = "Asci", "Asci\Asci.csproj", "{0B513D0E-7F6E-45EC-B568-242241149603}"
EndProject
Project("{FAE04EC0-301F-11D3-BF4B-00C04F79EFBC}") = "CaesarCode", "CaesarCode\CaesarCode.csproj", "{A7DF05EC-624D-4000-B487-7B767540948A}"
EndProject
Project("{FAE04EC0-301F-11D3-BF4B-00C04F79EFBC}") = "CeasarCodeSimple", "CeasarCodeSimple\CeasarCodeSimple.csproj", "{4CC6CE91-51B7-4BA8-B746-43AC2154530C}"
EndProject
Project("{FAE04EC0-301F-11D3-BF4B-00C04F79EFBC}") = "Hash", "Hash\Hash.csproj", "{13902B35-695F-48B9-9C92-97BE58C4E14A}"
EndProject
Global
	GlobalSection(SolutionConfigurationPlatforms) = preSolution
		Debug|Any CPU = Debug|Any CPU
		Release|Any CPU = Release|Any CPU
	EndGlobalSection
	GlobalSection(ProjectConfigurationPlatforms) = postSolution
		{2F58FE48-C7BA-496D-8F8F-71AB79FE5EC7}.Debug|Any CPU.ActiveCfg = Debug|Any CPU
		{2F58FE48-C7BA-496D-8F8F-71AB79FE5EC7}.Debug|Any CPU.Build.0 = Debug|Any CPU
		{2F58FE48-C7BA-496D-8F8F-71AB79FE5EC7}.Release|Any CPU.ActiveCfg = Release|Any CPU
		{2F58FE48-C7BA-496D-8F8F-71AB79FE5EC7}.Release|Any CPU.Build.0 = Release|Any CPU
		{28A92544-DE14-49B6-B41E-5B309065BE7A}.Debug|Any CPU.ActiveCfg = Debug|Any CPU
		{28A92544-DE14-49B6-B41E-5B309065BE7A}.Debug|Any CPU.Build.0 = Debug|Any CPU
		{28A92544-DE14-49B6-B41E-5B309065BE7A}.Release|Any CPU.ActiveCfg = Release|Any CPU
		{28A92544-DE14-49B6-B41E-5B309065BE7A}.Release|Any CPU.Build.0 = Release|Any CPU
		{D30E6DC2-C9A7-435A-BC1F-F6550C99358C}.Debug|Any CPU.ActiveCfg = Debug|Any CPU
		{D30E6DC2-C9A7-435A-BC1F-F6550C99358C}.Debug|Any CPU.Build.0 = Debug|Any CPU
		{D30E6DC2-C9A7-435A-BC1F-F6550C99358C}.Release|Any CPU.ActiveCfg = Release|Any CPU
		{D30E6DC2-C9A7-435A-BC1F-F6550C99358C}.Release|Any CPU.Build.0 = Release|Any CPU
		{BABE480E-F977-45A4-8D72-710DD0127AF0}.Debug|Any CPU.ActiveCfg = Debug|Any CPU
		{BABE480E-F977-45A4-8D72-710DD0127AF0}.Debug|Any CPU.Build.0 = Debug|Any CPU
		{BABE480E-F977-45A4-8D72-710DD0127AF0}.Release|Any CPU.ActiveCfg = Release|Any CPU
		{BABE480E-F977-45A4-8D72-710DD0127AF0}.Release|Any CPU.Build.0 = Release|Any CPU
		{DE31C001-4CBB-4DC8-94B7-4342D30C90F6}.Debug|Any CPU.ActiveCfg = Debug|Any CPU
		{DE31C001-4CBB-4DC8-94B7-4342D30C90F6}.Debug|Any CPU.Build.0 = Debug|Any CPU
		{DE31C001-4CBB-4DC8-94B7-4342D30C90F6}.Release|Any CPU.ActiveCfg = Release|Any CPU
		{DE31C001-4CBB-4DC8-94B7-4342D30C90F6}.Release|Any CPU.Build.0 = Release|Any CPU
		{8D45355E-AC0B-4B2A-91EC-E6FAD7F77732}.Debug|Any CPU.ActiveCfg = Debug|Any CPU
		{8D45355E-AC0B-4B2A-91EC-E6FAD7F77732}.Debug|Any CPU.Build.0 = Debug|Any CPU
		{8D45355E-AC0B-4B2A-91EC-E6FAD7F77732}.Release|Any CPU.ActiveCfg = Release|Any CPU
		{8D45355E-AC0B-4B2A-91EC-E6FAD7F77732}.Release|Any CPU.Build.0 = Release|Any CPU
		{0B513D0E-7F6E-45EC-B568-242241149603}.Debug|Any CPU.ActiveCfg = Debug|Any CPU
		{0B513D0E-7F6E-45EC-B568-242241149603}.Debug|Any CPU.Build.0 = Debug|Any CPU
		{0B513D0E-7F6E-45EC-B568-242241149603}.Release|Any CPU.ActiveCfg = Release|Any CPU
		{0B513D0E-7F6E-45EC-B568-242241149603}.Release|Any CPU.Build.0 = Release|Any CPU
		{A7DF05EC-624D-4000-B487-7B767540948A}.Debug|Any CPU.ActiveCfg = Debug|Any CPU
		{A7DF05EC-624D-4000-B487-7B767540948A}.Debug|Any CPU.Build.0 = Debug|Any CPU
		{A7DF05EC-624D-4000-B487-7B767540948A}.Release|Any CPU.ActiveCfg = Release|Any CPU
		{A7DF05EC-624D-4000-B487-7B767540948A}.Release|Any CPU.Build.0 = Release|Any CPU
		{4CC6CE91-51B7-4BA8-B746-43AC2154530C}.Debug|Any CPU.ActiveCfg = Debug|Any CPU
		{4CC6CE91-51B7-4BA8-B746-43AC2154530C}.Debug|Any CPU.Build.0 = Debug|Any CPU
		{4CC6CE91-51B7-4BA8-B746-43AC2154530C}.Release|Any CPU.ActiveCfg = Release|Any CPU
		{4CC6CE91-51B7-4BA8-B746-43AC2154530C}.Release|Any CPU.Build.0 = Release|Any CPU
		{13902B35-695F-48B9-9C92-97BE58C4E14A}.Debug|Any CPU.ActiveCfg = Debug|Any CPU
		{13902B35-695F-48B9-9C92-97BE58C4E14A}.Debug|Any CPU.Build.0 = Debug|Any CPU
		{13902B35-695F-48B9-9C92-97BE58C4E14A}.Release|Any CPU.ActiveCfg = Release|Any CPU
		{13902B35-695F-48B9-9C92-97BE58C4E14A}.Release|Any CPU.Build.0 = Release|Any CPU
	EndGlobalSection
	GlobalSection(SolutionProperties) = preSolution
		HideSolutionNode = FALSE
	EndGlobalSection
	GlobalSection(NestedProjects) = preSolution
		{2F58FE48-C7BA-496D-8F8F-71AB79FE5EC7} = {5557A7DA-8E1E-4949-B0E2-EB272F4565D2}
		{28A92544-DE14-49B6-B41E-5B309065BE7A} = {5557A7DA-8E1E-4949-B0E2-EB272F4565D2}
		{D30E6DC2-C9A7-435A-BC1F-F6550C99358C} = {5557A7DA-8E1E-4949-B0E2-EB272F4565D2}
		{BABE480E-F977-45A4-8D72-710DD0127AF0} = {5557A7DA-8E1E-4949-B0E2-EB272F4565D2}
		{DE31C001-4CBB-4DC8-94B7-4342D30C90F6} = {549406B1-412A-4358-8034-96F713D14545}
		{8D45355E-AC0B-4B2A-91EC-E6FAD7F77732} = {549406B1-412A-4358-8034-96F713D14545}
		{0B513D0E-7F6E-45EC-B568-242241149603} = {E814B2D2-6991-401A-AE0B-F9C19D1C10F6}
		{A7DF05EC-624D-4000-B487-7B767540948A} = {E814B2D2-6991-401A-AE0B-F9C19D1C10F6}
		{4CC6CE91-51B7-4BA8-B746-43AC2154530C} = {E814B2D2-6991-401A-AE0B-F9C19D1C10F6}
		{13902B35-695F-48B9-9C92-97BE58C4E14A} = {E814B2D2-6991-401A-AE0B-F9C19D1C10F6}
	EndGlobalSection
	GlobalSection(ExtensibilityGlobals) = postSolution
		SolutionGuid = {A32C7AF2-843C-4C16-BE08-B60173E5433E}
	EndGlobalSection
EndGlobal
