
Microsoft Visual Studio Solution File, Format Version 12.00
# Visual Studio Version 16
VisualStudioVersion = 16.0.31729.503
MinimumVisualStudioVersion = 10.0.40219.1
Project("{2150E333-8FDC-42A3-9474-1A3956D46DE8}") = "Bezpieczeństwo", "Bezpieczeństwo", "{E814B2D2-6991-401A-AE0B-F9C19D1C10F6}"
EndProject
Project("{2150E333-8FDC-42A3-9474-1A3956D46DE8}") = "Wzorce projektowe", "Wzorce projektowe", "{5557A7DA-8E1E-4949-B0E2-EB272F4565D2}"
EndProject
Project("{FAE04EC0-301F-11D3-BF4B-00C04F79EFBC}") = "Budowniczy", "Budowniczy\Budowniczy.csproj", "{2F58FE48-C7BA-496D-8F8F-71AB79FE5EC7}"
EndProject
Global
	GlobalSection(SolutionConfigurationPlatforms) = preSolution
		Debug|Any CPU = Debug|Any CPU
		Release|Any CPU = Release|Any CPU
	EndGlobalSection
	GlobalSection(ProjectConfigurationPlatforms) = postSolution
		{2F58FE48-C7BA-496D-8F8F-71AB79FE5EC7}.Debug|Any CPU.ActiveCfg = Debug|Any CPU
		{2F58FE48-C7BA-496D-8F8F-71AB79FE5EC7}.Debug|Any CPU.Build.0 = Debug|Any CPU
		{2F58FE48-C7BA-496D-8F8F-71AB79FE5EC7}.Release|Any CPU.ActiveCfg = Release|Any CPU
		{2F58FE48-C7BA-496D-8F8F-71AB79FE5EC7}.Release|Any CPU.Build.0 = Release|Any CPU
	EndGlobalSection
	GlobalSection(SolutionProperties) = preSolution
		HideSolutionNode = FALSE
	EndGlobalSection
	GlobalSection(NestedProjects) = preSolution
		{2F58FE48-C7BA-496D-8F8F-71AB79FE5EC7} = {5557A7DA-8E1E-4949-B0E2-EB272F4565D2}
	EndGlobalSection
	GlobalSection(ExtensibilityGlobals) = postSolution
		SolutionGuid = {A32C7AF2-843C-4C16-BE08-B60173E5433E}
	EndGlobalSection
EndGlobal
